
Microsoft Visual Studio Solution File, Format Version 12.00
# Visual Studio Version 17
VisualStudioVersion = 17.9.34723.18
MinimumVisualStudioVersion = 10.0.40219.1
Project("{9A19103F-16F7-4668-BE54-9A1E7A4F7556}") = "Canvas", "Canvas.csproj", "{0D1D5D9D-8243-45C4-BE30-E88118E718C1}"
EndProject
Project("{9A19103F-16F7-4668-BE54-9A1E7A4F7556}") = "Library", "..\Library\Library.csproj", "{5207CFD0-E30B-4E77-AE8A-B0963F6531EE}"
EndProject
Project("{FAE04EC0-301F-11D3-BF4B-00C04F79EFBC}") = "CanvasAPI", "..\CanvasAPI\CanvasAPI.csproj", "{FD9400BE-D03E-4B41-99A3-05DEFF3BF3A5}"
EndProject
Project("{FAE04EC0-301F-11D3-BF4B-00C04F79EFBC}") = "CanvasServerLibrary", "..\CanvasServerLibrary\CanvasServerLibrary.csproj", "{5C7494C4-D45D-4247-86B2-46C5D6D2BC14}"
EndProject
Global
	GlobalSection(SolutionConfigurationPlatforms) = preSolution
		deb|Any CPU = deb|Any CPU
		deb|x86 = deb|x86
		Debug|Any CPU = Debug|Any CPU
		Debug|x86 = Debug|x86
		Release|Any CPU = Release|Any CPU
		Release|x86 = Release|x86
	EndGlobalSection
	GlobalSection(ProjectConfigurationPlatforms) = postSolution
		{0D1D5D9D-8243-45C4-BE30-E88118E718C1}.deb|Any CPU.ActiveCfg = deb|Any CPU
		{0D1D5D9D-8243-45C4-BE30-E88118E718C1}.deb|Any CPU.Build.0 = deb|Any CPU
		{0D1D5D9D-8243-45C4-BE30-E88118E718C1}.deb|x86.ActiveCfg = deb|x86
		{0D1D5D9D-8243-45C4-BE30-E88118E718C1}.deb|x86.Build.0 = deb|x86
		{0D1D5D9D-8243-45C4-BE30-E88118E718C1}.Debug|Any CPU.ActiveCfg = Debug|Any CPU
		{0D1D5D9D-8243-45C4-BE30-E88118E718C1}.Debug|Any CPU.Build.0 = Debug|Any CPU
		{0D1D5D9D-8243-45C4-BE30-E88118E718C1}.Debug|Any CPU.Deploy.0 = Debug|Any CPU
		{0D1D5D9D-8243-45C4-BE30-E88118E718C1}.Debug|x86.ActiveCfg = Debug|x86
		{0D1D5D9D-8243-45C4-BE30-E88118E718C1}.Debug|x86.Build.0 = Debug|x86
		{0D1D5D9D-8243-45C4-BE30-E88118E718C1}.Release|Any CPU.ActiveCfg = Release|Any CPU
		{0D1D5D9D-8243-45C4-BE30-E88118E718C1}.Release|Any CPU.Build.0 = Release|Any CPU
		{0D1D5D9D-8243-45C4-BE30-E88118E718C1}.Release|Any CPU.Deploy.0 = Release|Any CPU
		{0D1D5D9D-8243-45C4-BE30-E88118E718C1}.Release|x86.ActiveCfg = Release|x86
		{5207CFD0-E30B-4E77-AE8A-B0963F6531EE}.deb|Any CPU.ActiveCfg = deb|Any CPU
		{5207CFD0-E30B-4E77-AE8A-B0963F6531EE}.deb|Any CPU.Build.0 = deb|Any CPU
		{5207CFD0-E30B-4E77-AE8A-B0963F6531EE}.deb|x86.ActiveCfg = deb|x86
		{5207CFD0-E30B-4E77-AE8A-B0963F6531EE}.deb|x86.Build.0 = deb|x86
		{5207CFD0-E30B-4E77-AE8A-B0963F6531EE}.Debug|Any CPU.ActiveCfg = Debug|Any CPU
		{5207CFD0-E30B-4E77-AE8A-B0963F6531EE}.Debug|Any CPU.Build.0 = Debug|Any CPU
		{5207CFD0-E30B-4E77-AE8A-B0963F6531EE}.Debug|x86.ActiveCfg = Debug|x86
		{5207CFD0-E30B-4E77-AE8A-B0963F6531EE}.Release|Any CPU.ActiveCfg = Release|Any CPU
		{5207CFD0-E30B-4E77-AE8A-B0963F6531EE}.Release|Any CPU.Build.0 = Release|Any CPU
		{5207CFD0-E30B-4E77-AE8A-B0963F6531EE}.Release|x86.ActiveCfg = Release|x86
		{FD9400BE-D03E-4B41-99A3-05DEFF3BF3A5}.deb|Any CPU.ActiveCfg = Debug|Any CPU
		{FD9400BE-D03E-4B41-99A3-05DEFF3BF3A5}.deb|Any CPU.Build.0 = Debug|Any CPU
		{FD9400BE-D03E-4B41-99A3-05DEFF3BF3A5}.deb|x86.ActiveCfg = Debug|Any CPU
		{FD9400BE-D03E-4B41-99A3-05DEFF3BF3A5}.deb|x86.Build.0 = Debug|Any CPU
		{FD9400BE-D03E-4B41-99A3-05DEFF3BF3A5}.Debug|Any CPU.ActiveCfg = Debug|Any CPU
		{FD9400BE-D03E-4B41-99A3-05DEFF3BF3A5}.Debug|Any CPU.Build.0 = Debug|Any CPU
		{FD9400BE-D03E-4B41-99A3-05DEFF3BF3A5}.Debug|x86.ActiveCfg = Debug|Any CPU
		{FD9400BE-D03E-4B41-99A3-05DEFF3BF3A5}.Debug|x86.Build.0 = Debug|Any CPU
		{FD9400BE-D03E-4B41-99A3-05DEFF3BF3A5}.Release|Any CPU.ActiveCfg = Release|Any CPU
		{FD9400BE-D03E-4B41-99A3-05DEFF3BF3A5}.Release|Any CPU.Build.0 = Release|Any CPU
		{FD9400BE-D03E-4B41-99A3-05DEFF3BF3A5}.Release|x86.ActiveCfg = Release|Any CPU
		{FD9400BE-D03E-4B41-99A3-05DEFF3BF3A5}.Release|x86.Build.0 = Release|Any CPU
		{5C7494C4-D45D-4247-86B2-46C5D6D2BC14}.deb|Any CPU.ActiveCfg = Debug|Any CPU
		{5C7494C4-D45D-4247-86B2-46C5D6D2BC14}.deb|Any CPU.Build.0 = Debug|Any CPU
		{5C7494C4-D45D-4247-86B2-46C5D6D2BC14}.deb|x86.ActiveCfg = Debug|Any CPU
		{5C7494C4-D45D-4247-86B2-46C5D6D2BC14}.deb|x86.Build.0 = Debug|Any CPU
		{5C7494C4-D45D-4247-86B2-46C5D6D2BC14}.Debug|Any CPU.ActiveCfg = Debug|Any CPU
		{5C7494C4-D45D-4247-86B2-46C5D6D2BC14}.Debug|Any CPU.Build.0 = Debug|Any CPU
		{5C7494C4-D45D-4247-86B2-46C5D6D2BC14}.Debug|x86.ActiveCfg = Debug|Any CPU
		{5C7494C4-D45D-4247-86B2-46C5D6D2BC14}.Debug|x86.Build.0 = Debug|Any CPU
		{5C7494C4-D45D-4247-86B2-46C5D6D2BC14}.Release|Any CPU.ActiveCfg = Release|Any CPU
		{5C7494C4-D45D-4247-86B2-46C5D6D2BC14}.Release|Any CPU.Build.0 = Release|Any CPU
		{5C7494C4-D45D-4247-86B2-46C5D6D2BC14}.Release|x86.ActiveCfg = Release|Any CPU
		{5C7494C4-D45D-4247-86B2-46C5D6D2BC14}.Release|x86.Build.0 = Release|Any CPU
	EndGlobalSection
	GlobalSection(SolutionProperties) = preSolution
		HideSolutionNode = FALSE
	EndGlobalSection
	GlobalSection(ExtensibilityGlobals) = postSolution
		SolutionGuid = {516EFDC5-168A-45B9-B947-1C5DA478A68E}
	EndGlobalSection
EndGlobal
